{
    "_readme": [
        "This file locks the dependencies of your project to a known state",
        "Read more about it at https://getcomposer.org/doc/01-basic-usage.md#installing-dependencies",
        "This file is @generated automatically"
    ],
    "content-hash": "692d6679e3b8ea7387bd638c469191c1",
    "packages": [
        {
            "name": "mobicms/captcha",
            "version": "2.0.1",
            "source": {
                "type": "git",
                "url": "https://github.com/mobicms/captcha.git",
                "reference": "529dd0ff11f13039e6ba0c3b8a1244e3319ac46b"
            },
            "dist": {
                "type": "zip",
                "url": "https://api.github.com/repos/mobicms/captcha/zipball/529dd0ff11f13039e6ba0c3b8a1244e3319ac46b",
                "reference": "529dd0ff11f13039e6ba0c3b8a1244e3319ac46b",
                "shasum": ""
            },
            "require": {
                "ext-gd": "*",
                "php": "^7.2"
            },
            "require-dev": {
                "phpunit/phpunit": "^8.5",
                "squizlabs/php_codesniffer": "^3.5",
                "vimeo/psalm": "^3.7"
            },
            "type": "library",
            "autoload": {
                "psr-4": {
                    "Mobicms\\Captcha\\": "src/"
                }
            },
            "notification-url": "https://packagist.org/downloads/",
            "license": [
                "MIT"
            ],
            "description": "A simple PHP CAPTCHA library",
            "homepage": "https://github.com/mobicms/captcha",
            "keywords": [
                "captcha",
                "php"
            ],
            "support": {
                "issues": "https://github.com/mobicms/captcha/issues",
                "source": "https://github.com/mobicms/captcha/tree/2.0.1"
            },
            "time": "2019-12-08T10:38:46+00:00"
        }
    ],
    "packages-dev": [],
    "aliases": [],
    "minimum-stability": "stable",
    "stability-flags": [],
    "prefer-stable": false,
    "prefer-lowest": false,
    "platform": [],
    "platform-dev": [],
    "plugin-api-version": "2.0.0"
}
