{
    "_readme": [
        "This file locks the dependencies of your project to a known state",
        "Read more about it at https://getcomposer.org/doc/01-basic-usage.md#installing-dependencies",
        "This file is @generated automatically"
    ],
    "content-hash": "fa6895121712dd7a8ab88b938bf83dc2",
    "packages": [
        {
            "name": "madesimple/php-arrays",
            "version": "v2.0.1",
            "source": {
                "type": "git",
                "url": "https://github.com/pdscopes/php-arrays.git",
                "reference": "4648ef6d34a63682f4cb367716ba7c205b60ae1f"
            },
            "dist": {
                "type": "zip",
                "url": "https://api.github.com/repos/pdscopes/php-arrays/zipball/4648ef6d34a63682f4cb367716ba7c205b60ae1f",
                "reference": "4648ef6d34a63682f4cb367716ba7c205b60ae1f",
                "shasum": ""
            },
            "require": {
                "php": ">=7.0"
            },
            "require-dev": {
                "phpunit/phpunit": "^6.3"
            },
            "type": "library",
            "autoload": {
                "psr-4": {
                    "MadeSimple\\Arrays\\": "src/"
                }
            },
            "notification-url": "https://packagist.org/downloads/",
            "license": [
                "MIT"
            ],
            "authors": [
                {
                    "name": "Peter Scopes",
                    "email": "peter.scopes@gmail.com"
                }
            ],
            "description": "Helper functions for manipulating arrays",
            "support": {
                "issues": "https://github.com/pdscopes/php-arrays/issues",
                "source": "https://github.com/pdscopes/php-arrays/tree/v2.0.1"
            },
            "time": "2018-09-14T10:20:32+00:00"
        },
        {
            "name": "madesimple/php-form-validator",
            "version": "v2.2.6",
            "source": {
                "type": "git",
                "url": "https://github.com/pdscopes/php-form-validator.git",
                "reference": "10b0ee6ea4082222fe6acfca4ecd6cb240ad9977"
            },
            "dist": {
                "type": "zip",
                "url": "https://api.github.com/repos/pdscopes/php-form-validator/zipball/10b0ee6ea4082222fe6acfca4ecd6cb240ad9977",
                "reference": "10b0ee6ea4082222fe6acfca4ecd6cb240ad9977",
                "shasum": ""
            },
            "require": {
                "madesimple/php-arrays": "^2.0",
                "php": ">=7.0"
            },
            "require-dev": {
                "phpunit/phpunit": "^6.3"
            },
            "type": "library",
            "autoload": {
                "psr-4": {
                    "MadeSimple\\Validator\\": "src/"
                }
            },
            "notification-url": "https://packagist.org/downloads/",
            "license": [
                "MIT"
            ],
            "authors": [
                {
                    "name": "Peter Scopes",
                    "email": "peter.scopes@gmail.com"
                }
            ],
            "description": "Simple, extendable form validator for multi-dimensional forms",
            "support": {
                "issues": "https://github.com/pdscopes/php-form-validator/issues",
                "source": "https://github.com/pdscopes/php-form-validator/tree/v2.2.6"
            },
            "time": "2020-03-13T14:16:50+00:00"
        }
    ],
    "packages-dev": [],
    "aliases": [],
    "minimum-stability": "stable",
    "stability-flags": [],
    "prefer-stable": false,
    "prefer-lowest": false,
    "platform": [],
    "platform-dev": [],
    "plugin-api-version": "2.1.0"
}
