{
    "_readme": [
        "This file locks the dependencies of your project to a known state",
        "Read more about it at https://getcomposer.org/doc/01-basic-usage.md#installing-dependencies",
        "This file is @generated automatically"
    ],
    "content-hash": "4cb04564005478581c849b21b3e670d9",
    "packages": [
        {
            "name": "dekyfin/php-array-forms",
            "version": "0.3",
            "source": {
                "type": "git",
                "url": "https://github.com/dekyfin/php-array-forms.git",
                "reference": "a08f0b51a7b7fd70ed7884e199e5070d9ee26c03"
            },
            "dist": {
                "type": "zip",
                "url": "https://api.github.com/repos/dekyfin/php-array-forms/zipball/a08f0b51a7b7fd70ed7884e199e5070d9ee26c03",
                "reference": "a08f0b51a7b7fd70ed7884e199e5070d9ee26c03",
                "shasum": ""
            },
            "require": {
                "php": ">=5.3.0"
            },
            "type": "library",
            "autoload": {
                "psr-0": {
                    "DF": "src/"
                }
            },
            "notification-url": "https://packagist.org/downloads/",
            "authors": [
                {
                    "name": "Desmond Kyeremeh",
                    "email": "dekyfin@gmail.com"
                }
            ],
            "description": "A package to create HTML FORMS from PHP Array",
            "support": {
                "issues": "https://github.com/dekyfin/php-array-forms/issues",
                "source": "https://github.com/dekyfin/php-array-forms/tree/master"
            },
            "time": "2018-01-24T09:49:11+00:00"
        }
    ],
    "packages-dev": [],
    "aliases": [],
    "minimum-stability": "stable",
    "stability-flags": [],
    "prefer-stable": false,
    "prefer-lowest": false,
    "platform": [],
    "platform-dev": [],
    "plugin-api-version": "2.0.0"
}
